
Microsoft Visual Studio Solution File, Format Version 12.00
# Visual Studio Version 16
VisualStudioVersion = 16.0.30524.135
MinimumVisualStudioVersion = 10.0.40219.1
Project("{2150E333-8FDC-42A3-9474-1A3956D46DE8}") = ".msbuild", ".msbuild", "{BA3CF70D-79A2-4BD5-AE60-C4485E591D87}"
ProjectSection(SolutionItems) = preProject
	.msbuild\build.props = .msbuild\build.props
	.msbuild\package.props = .msbuild\package.props
	.msbuild\product.props = .msbuild\product.props
	.msbuild\version.props = .msbuild\version.props
EndProjectSection
EndProject
Project("{FAE04EC0-301F-11D3-BF4B-00C04F79EFBC}") = "Stenn.EntityFrameworkCore.StaticMigrations", "Stenn.EntityFrameworkCore.StaticMigrations\Stenn.EntityFrameworkCore.StaticMigrations.csproj", "{3762C10B-20AE-432E-AE0A-6261886D4A54}"
EndProject
Project("{FAE04EC0-301F-11D3-BF4B-00C04F79EFBC}") = "Stenn.EntityFrameworkCore.SqlServer", "Stenn.EntityFrameworkCore.SqlServer\Stenn.EntityFrameworkCore.SqlServer.csproj", "{3416A707-49CC-45BA-A488-9C6A823BAA18}"
EndProject
Project("{2150E333-8FDC-42A3-9474-1A3956D46DE8}") = ".workflows", ".workflows", "{1EEB475D-C4E1-4DD8-BE10-44D2185F355B}"
	ProjectSection(SolutionItems) = preProject
		..\.github\workflows\build_and_publish_nuget.yml = ..\.github\workflows\build_and_publish_nuget.yml
	EndProjectSection
EndProject
Project("{FAE04EC0-301F-11D3-BF4B-00C04F79EFBC}") = "Stenn.DictionaryEntities", "Stenn.DictionaryEntities\Stenn.DictionaryEntities.csproj", "{D3693447-48B5-4651-8087-FCC6A799457E}"
EndProject
Project("{2150E333-8FDC-42A3-9474-1A3956D46DE8}") = ".tests", ".tests", "{4D0A2092-01C6-4396-A117-31263DD64D57}"
EndProject
Project("{FAE04EC0-301F-11D3-BF4B-00C04F79EFBC}") = "Stenn.EntityFrameworkCore.SqlServer.Tests", "Stenn.EntityFrameworkCore.SqlServer.Tests\Stenn.EntityFrameworkCore.SqlServer.Tests.csproj", "{DE6BA20E-12D9-4D41-A8BB-10A19E32327A}"
EndProject
Project("{FAE04EC0-301F-11D3-BF4B-00C04F79EFBC}") = "Stenn.EntityFrameworkCore.Data.Initial", "Stenn.EntityFrameworkCore.Data.Initial\Stenn.EntityFrameworkCore.Data.Initial.csproj", "{4760014A-CF66-4FDA-87D5-4A9CEAF7108B}"
EndProject
Project("{FAE04EC0-301F-11D3-BF4B-00C04F79EFBC}") = "Stenn.EntityFrameworkCore.Data.Main", "Stenn.EntityFrameworkCore.Data.Main\Stenn.EntityFrameworkCore.Data.Main.csproj", "{9AC4BAED-EE42-4E9A-94C8-71B5A43EA764}"
EndProject
Project("{FAE04EC0-301F-11D3-BF4B-00C04F79EFBC}") = "Stenn.EntityFrameworkCore.Extensions.DependencyInjection", "Stenn.EntityFrameworkCore.Extensions.DependencyInjection\Stenn.EntityFrameworkCore.Extensions.DependencyInjection.csproj", "{602B6A0A-AE67-49CF-A9FD-2A1934E8BC36}"
EndProject
Project("{FAE04EC0-301F-11D3-BF4B-00C04F79EFBC}") = "Stenn.EntityFrameworkCore.SqlServer.Extensions.DependencyInjection", "Stenn.EntityFrameworkCore.SqlServer.Extensions.DependencyInjection\Stenn.EntityFrameworkCore.SqlServer.Extensions.DependencyInjection.csproj", "{5BB6F7AA-78F8-4C96-BCBC-E7130B13C505}"
EndProject
Project("{FAE04EC0-301F-11D3-BF4B-00C04F79EFBC}") = "Stenn.StaticMigrations", "Stenn.StaticMigrations\Stenn.StaticMigrations.csproj", "{863A163D-F238-4EA3-83A0-64DA8F01E05C}"
EndProject
Project("{FAE04EC0-301F-11D3-BF4B-00C04F79EFBC}") = "Stenn.EntityFrameworkCore.InMemory.Extensions.DependencyInjection", "Stenn.EntityFrameworkCore.InMemory.Extensions.DependencyInjection\Stenn.EntityFrameworkCore.InMemory.Extensions.DependencyInjection.csproj", "{47F66573-8405-44C1-A58C-93D9CF3D72F2}"
EndProject
Project("{FAE04EC0-301F-11D3-BF4B-00C04F79EFBC}") = "Stenn.EntityFrameworkCore.InMemory.Tests", "Stenn.EntityFrameworkCore.InMemory.Tests\Stenn.EntityFrameworkCore.InMemory.Tests.csproj", "{A78EA959-6F65-498F-A5B7-5CB07747C0EA}"
EndProject
Project("{FAE04EC0-301F-11D3-BF4B-00C04F79EFBC}") = "Stenn.EntityFrameworkCore", "Stenn.EntityFrameworkCore\Stenn.EntityFrameworkCore.csproj", "{1C854E64-04E1-47EA-AE70-B184E0E57401}"
EndProject
Project("{FAE04EC0-301F-11D3-BF4B-00C04F79EFBC}") = "Stenn.EntityFrameworkCore.Tests", "Stenn.EntityFrameworkCore.Tests\Stenn.EntityFrameworkCore.Tests.csproj", "{B7D95CE3-8FDE-490B-932B-E127F4EC6ADE}"
EndProject
Project("{FAE04EC0-301F-11D3-BF4B-00C04F79EFBC}") = "Stenn.EntityConventions.Contacts", "Stenn.EntityConventions.Contacts\Stenn.EntityConventions.Contacts.csproj", "{8FC76529-1E69-46B1-993F-AA3BF252AB7E}"
EndProject
Project("{FAE04EC0-301F-11D3-BF4B-00C04F79EFBC}") = "Stenn.EntityFrameworkCore.EntityConventions", "Stenn.EntityFrameworkCore.EntityConventions\Stenn.EntityFrameworkCore.EntityConventions.csproj", "{9D173795-BE10-4366-BD34-83BA59B3F486}"
EndProject
Project("{2150E333-8FDC-42A3-9474-1A3956D46DE8}") = "Conventions", "Conventions", "{883F8EE3-E05C-4066-BD02-7F23BE62080D}"
EndProject
Global
	GlobalSection(SolutionConfigurationPlatforms) = preSolution
		Debug|Any CPU = Debug|Any CPU
		Release|Any CPU = Release|Any CPU
	EndGlobalSection
	GlobalSection(ProjectConfigurationPlatforms) = postSolution
		{3762C10B-20AE-432E-AE0A-6261886D4A54}.Debug|Any CPU.ActiveCfg = Debug|Any CPU
		{3762C10B-20AE-432E-AE0A-6261886D4A54}.Debug|Any CPU.Build.0 = Debug|Any CPU
		{3762C10B-20AE-432E-AE0A-6261886D4A54}.Release|Any CPU.ActiveCfg = Release|Any CPU
		{3762C10B-20AE-432E-AE0A-6261886D4A54}.Release|Any CPU.Build.0 = Release|Any CPU
		{3416A707-49CC-45BA-A488-9C6A823BAA18}.Debug|Any CPU.ActiveCfg = Debug|Any CPU
		{3416A707-49CC-45BA-A488-9C6A823BAA18}.Debug|Any CPU.Build.0 = Debug|Any CPU
		{3416A707-49CC-45BA-A488-9C6A823BAA18}.Release|Any CPU.ActiveCfg = Release|Any CPU
		{3416A707-49CC-45BA-A488-9C6A823BAA18}.Release|Any CPU.Build.0 = Release|Any CPU
		{D3693447-48B5-4651-8087-FCC6A799457E}.Debug|Any CPU.ActiveCfg = Debug|Any CPU
		{D3693447-48B5-4651-8087-FCC6A799457E}.Debug|Any CPU.Build.0 = Debug|Any CPU
		{D3693447-48B5-4651-8087-FCC6A799457E}.Release|Any CPU.ActiveCfg = Release|Any CPU
		{D3693447-48B5-4651-8087-FCC6A799457E}.Release|Any CPU.Build.0 = Release|Any CPU
		{DE6BA20E-12D9-4D41-A8BB-10A19E32327A}.Debug|Any CPU.ActiveCfg = Debug|Any CPU
		{DE6BA20E-12D9-4D41-A8BB-10A19E32327A}.Debug|Any CPU.Build.0 = Debug|Any CPU
		{DE6BA20E-12D9-4D41-A8BB-10A19E32327A}.Release|Any CPU.ActiveCfg = Release|Any CPU
		{DE6BA20E-12D9-4D41-A8BB-10A19E32327A}.Release|Any CPU.Build.0 = Release|Any CPU
		{4760014A-CF66-4FDA-87D5-4A9CEAF7108B}.Debug|Any CPU.ActiveCfg = Debug|Any CPU
		{4760014A-CF66-4FDA-87D5-4A9CEAF7108B}.Debug|Any CPU.Build.0 = Debug|Any CPU
		{4760014A-CF66-4FDA-87D5-4A9CEAF7108B}.Release|Any CPU.ActiveCfg = Release|Any CPU
		{4760014A-CF66-4FDA-87D5-4A9CEAF7108B}.Release|Any CPU.Build.0 = Release|Any CPU
		{9AC4BAED-EE42-4E9A-94C8-71B5A43EA764}.Debug|Any CPU.ActiveCfg = Debug|Any CPU
		{9AC4BAED-EE42-4E9A-94C8-71B5A43EA764}.Debug|Any CPU.Build.0 = Debug|Any CPU
		{9AC4BAED-EE42-4E9A-94C8-71B5A43EA764}.Release|Any CPU.ActiveCfg = Release|Any CPU
		{9AC4BAED-EE42-4E9A-94C8-71B5A43EA764}.Release|Any CPU.Build.0 = Release|Any CPU
		{602B6A0A-AE67-49CF-A9FD-2A1934E8BC36}.Debug|Any CPU.ActiveCfg = Debug|Any CPU
		{602B6A0A-AE67-49CF-A9FD-2A1934E8BC36}.Debug|Any CPU.Build.0 = Debug|Any CPU
		{602B6A0A-AE67-49CF-A9FD-2A1934E8BC36}.Release|Any CPU.ActiveCfg = Release|Any CPU
		{602B6A0A-AE67-49CF-A9FD-2A1934E8BC36}.Release|Any CPU.Build.0 = Release|Any CPU
		{5BB6F7AA-78F8-4C96-BCBC-E7130B13C505}.Debug|Any CPU.ActiveCfg = Debug|Any CPU
		{5BB6F7AA-78F8-4C96-BCBC-E7130B13C505}.Debug|Any CPU.Build.0 = Debug|Any CPU
		{5BB6F7AA-78F8-4C96-BCBC-E7130B13C505}.Release|Any CPU.ActiveCfg = Release|Any CPU
		{5BB6F7AA-78F8-4C96-BCBC-E7130B13C505}.Release|Any CPU.Build.0 = Release|Any CPU
		{863A163D-F238-4EA3-83A0-64DA8F01E05C}.Debug|Any CPU.ActiveCfg = Debug|Any CPU
		{863A163D-F238-4EA3-83A0-64DA8F01E05C}.Debug|Any CPU.Build.0 = Debug|Any CPU
		{863A163D-F238-4EA3-83A0-64DA8F01E05C}.Release|Any CPU.ActiveCfg = Release|Any CPU
		{863A163D-F238-4EA3-83A0-64DA8F01E05C}.Release|Any CPU.Build.0 = Release|Any CPU
		{47F66573-8405-44C1-A58C-93D9CF3D72F2}.Debug|Any CPU.ActiveCfg = Debug|Any CPU
		{47F66573-8405-44C1-A58C-93D9CF3D72F2}.Debug|Any CPU.Build.0 = Debug|Any CPU
		{47F66573-8405-44C1-A58C-93D9CF3D72F2}.Release|Any CPU.ActiveCfg = Release|Any CPU
		{47F66573-8405-44C1-A58C-93D9CF3D72F2}.Release|Any CPU.Build.0 = Release|Any CPU
		{A78EA959-6F65-498F-A5B7-5CB07747C0EA}.Debug|Any CPU.ActiveCfg = Debug|Any CPU
		{A78EA959-6F65-498F-A5B7-5CB07747C0EA}.Debug|Any CPU.Build.0 = Debug|Any CPU
		{A78EA959-6F65-498F-A5B7-5CB07747C0EA}.Release|Any CPU.ActiveCfg = Release|Any CPU
		{A78EA959-6F65-498F-A5B7-5CB07747C0EA}.Release|Any CPU.Build.0 = Release|Any CPU
		{1C854E64-04E1-47EA-AE70-B184E0E57401}.Debug|Any CPU.ActiveCfg = Debug|Any CPU
		{1C854E64-04E1-47EA-AE70-B184E0E57401}.Debug|Any CPU.Build.0 = Debug|Any CPU
		{1C854E64-04E1-47EA-AE70-B184E0E57401}.Release|Any CPU.ActiveCfg = Release|Any CPU
		{1C854E64-04E1-47EA-AE70-B184E0E57401}.Release|Any CPU.Build.0 = Release|Any CPU
		{B7D95CE3-8FDE-490B-932B-E127F4EC6ADE}.Debug|Any CPU.ActiveCfg = Debug|Any CPU
		{B7D95CE3-8FDE-490B-932B-E127F4EC6ADE}.Debug|Any CPU.Build.0 = Debug|Any CPU
		{B7D95CE3-8FDE-490B-932B-E127F4EC6ADE}.Release|Any CPU.ActiveCfg = Release|Any CPU
		{B7D95CE3-8FDE-490B-932B-E127F4EC6ADE}.Release|Any CPU.Build.0 = Release|Any CPU
		{8FC76529-1E69-46B1-993F-AA3BF252AB7E}.Debug|Any CPU.ActiveCfg = Debug|Any CPU
		{8FC76529-1E69-46B1-993F-AA3BF252AB7E}.Debug|Any CPU.Build.0 = Debug|Any CPU
		{8FC76529-1E69-46B1-993F-AA3BF252AB7E}.Release|Any CPU.ActiveCfg = Release|Any CPU
		{8FC76529-1E69-46B1-993F-AA3BF252AB7E}.Release|Any CPU.Build.0 = Release|Any CPU
		{9D173795-BE10-4366-BD34-83BA59B3F486}.Debug|Any CPU.ActiveCfg = Debug|Any CPU
		{9D173795-BE10-4366-BD34-83BA59B3F486}.Debug|Any CPU.Build.0 = Debug|Any CPU
		{9D173795-BE10-4366-BD34-83BA59B3F486}.Release|Any CPU.ActiveCfg = Release|Any CPU
		{9D173795-BE10-4366-BD34-83BA59B3F486}.Release|Any CPU.Build.0 = Release|Any CPU
	EndGlobalSection
	GlobalSection(SolutionProperties) = preSolution
		HideSolutionNode = FALSE
	EndGlobalSection
	GlobalSection(ExtensibilityGlobals) = postSolution
		SolutionGuid = {90A61DCC-4469-4042-B534-C37020F4A7EF}
	EndGlobalSection
	GlobalSection(NestedProjects) = preSolution
		{DE6BA20E-12D9-4D41-A8BB-10A19E32327A} = {4D0A2092-01C6-4396-A117-31263DD64D57}
		{4760014A-CF66-4FDA-87D5-4A9CEAF7108B} = {4D0A2092-01C6-4396-A117-31263DD64D57}
		{9AC4BAED-EE42-4E9A-94C8-71B5A43EA764} = {4D0A2092-01C6-4396-A117-31263DD64D57}
		{A78EA959-6F65-498F-A5B7-5CB07747C0EA} = {4D0A2092-01C6-4396-A117-31263DD64D57}
		{B7D95CE3-8FDE-490B-932B-E127F4EC6ADE} = {4D0A2092-01C6-4396-A117-31263DD64D57}
		{8FC76529-1E69-46B1-993F-AA3BF252AB7E} = {883F8EE3-E05C-4066-BD02-7F23BE62080D}
		{9D173795-BE10-4366-BD34-83BA59B3F486} = {883F8EE3-E05C-4066-BD02-7F23BE62080D}
	EndGlobalSection
EndGlobal
